// !$*UTF8*$!
{
	archiveVersion = 1;
	classes = {
	};
	objectVersion = 46;
	objects = {

/* Begin PBXBuildFile section */
		AAB543221F6718B70006D409 /* AppDelegate.swift in Sources */ = {isa = PBXBuildFile; fileRef = AAB543211F6718B70006D409 /* AppDelegate.swift */; };
		AAB543241F6718B70006D409 /* ViewController.swift in Sources */ = {isa = PBXBuildFile; fileRef = AAB543231F6718B70006D409 /* ViewController.swift */; };
		AAB543271F6718B70006D409 /* Main.storyboard in Resources */ = {isa = PBXBuildFile; fileRef = AAB543251F6718B70006D409 /* Main.storyboard */; };
		AAB543291F6718B70006D409 /* Assets.xcassets in Resources */ = {isa = PBXBuildFile; fileRef = AAB543281F6718B70006D409 /* Assets.xcassets */; };
		AAB5432C1F6718B70006D409 /* LaunchScreen.storyboard in Resources */ = {isa = PBXBuildFile; fileRef = AAB5432A1F6718B70006D409 /* LaunchScreen.storyboard */; };
		AAB543341F67210F0006D409 /* TodoList.swift in Sources */ = {isa = PBXBuildFile; fileRef = AAB543331F67210F0006D409 /* TodoList.swift */; };
/* End PBXBuildFile section */

/* Begin PBXFileReference section */
		AAB5431E1F6718B70006D409 /* List of mess.app */ = {isa = PBXFileReference; explicitFileType = wrapper.application; includeInIndex = 0; path = "List of mess.app"; sourceTree = BUILT_PRODUCTS_DIR; };
		AAB543211F6718B70006D409 /* AppDelegate.swift */ = {isa = PBXFileReference; lastKnownFileType = sourcecode.swift; path = AppDelegate.swift; sourceTree = "<group>"; };
		AAB543231F6718B70006D409 /* ViewController.swift */ = {isa = PBXFileReference; lastKnownFileType = sourcecode.swift; path = ViewController.swift; sourceTree = "<group>"; };
		AAB543261F6718B70006D409 /* Base */ = {isa = PBXFileReference; lastKnownFileType = file.storyboard; name = Base; path = Base.lproj/Main.storyboard; sourceTree = "<group>"; };
		AAB543281F6718B70006D409 /* Assets.xcassets */ = {isa = PBXFileReference; lastKnownFileType = folder.assetcatalog; path = Assets.xcassets; sourceTree = "<group>"; };
		AAB5432B1F6718B70006D409 /* Base */ = {isa = PBXFileReference; lastKnownFileType = file.storyboard; name = Base; path = Base.lproj/LaunchScreen.storyboard; sourceTree = "<group>"; };
		AAB5432D1F6718B70006D409 /* Info.plist */ = {isa = PBXFileReference; lastKnownFileType = text.plist.xml; path = Info.plist; sourceTree = "<group>"; };
		AAB543331F67210F0006D409 /* TodoList.swift */ = {isa = PBXFileReference; fileEncoding = 4; lastKnownFileType = sourcecode.swift; path = TodoList.swift; sourceTree = "<group>"; };
/* End PBXFileReference section */

/* Begin PBXFrameworksBuildPhase section */
		AAB5431B1F6718B70006D409 /* Frameworks */ = {
			isa = PBXFrameworksBuildPhase;
			buildActionMask = 2147483647;
			files = (
			);
			runOnlyForDeploymentPostprocessing = 0;
		};
/* End PBXFrameworksBuildPhase section */

/* Begin PBXGroup section */
		AAB543151F6718B70006D409 = {
			isa = PBXGroup;
			children = (
				AAB543201F6718B70006D409 /* List of mess */,
				AAB5431F1F6718B70006D409 /* Products */,
			);
			sourceTree = "<group>";
		};
		AAB5431F1F6718B70006D409 /* Products */ = {
			isa = PBXGroup;
			children = (
				AAB5431E1F6718B70006D409 /* List of mess.app */,
			);
			name = Products;
			sourceTree = "<group>";
		};
		AAB543201F6718B70006D409 /* List of mess */ = {
			isa = PBXGroup;
			children = (
				AAB543211F6718B70006D409 /* AppDelegate.swift */,
				AAB543231F6718B70006D409 /* ViewController.swift */,
				AAB543331F67210F0006D409 /* TodoList.swift */,
				AAB543251F6718B70006D409 /* Main.storyboard */,
				AAB543281F6718B70006D409 /* Assets.xcassets */,
				AAB5432A1F6718B70006D409 /* LaunchScreen.storyboard */,
				AAB5432D1F6718B70006D409 /* Info.plist */,
			);
			path = "List of mess";
			sourceTree = "<group>";
		};
/* End PBXGroup section */

/* Begin PBXNativeTarget section */
		AAB5431D1F6718B70006D409 /* List of mess */ = {
			isa = PBXNativeTarget;
			buildConfigurationList = AAB543301F6718B70006D409 /* Build configuration list for PBXNativeTarget "List of mess" */;
			buildPhases = (
				AAB5431A1F6718B70006D409 /* Sources */,
				AAB5431B1F6718B70006D409 /* Frameworks */,
				AAB5431C1F6718B70006D409 /* Resources */,
			);
			buildRules = (
			);
			dependencies = (
			);
			name = "List of mess";
			productName = "List of mess";
			productReference = AAB5431E1F6718B70006D409 /* List of mess.app */;
			productType = "com.apple.product-type.application";
		};
/* End PBXNativeTarget section */

/* Begin PBXProject section */
		AAB543161F6718B70006D409 /* Project object */ = {
			isa = PBXProject;
			attributes = {
				LastSwiftUpdateCheck = 0830;
				LastUpgradeCheck = 0830;
				ORGANIZATIONNAME = "Seweryn Kotowski";
				TargetAttributes = {
					AAB5431D1F6718B70006D409 = {
						CreatedOnToolsVersion = 8.3.3;
						DevelopmentTeam = K9NVUGDZBA;
						ProvisioningStyle = Automatic;
					};
				};
			};
			buildConfigurationList = AAB543191F6718B70006D409 /* Build configuration list for PBXProject "List of mess" */;
			compatibilityVersion = "Xcode 3.2";
			developmentRegion = English;
			hasScannedForEncodings = 0;
			knownRegions = (
				en,
				Base,
			);
			mainGroup = AAB543151F6718B70006D409;
			productRefGroup = AAB5431F1F6718B70006D409 /* Products */;
			projectDirPath = "";
			projectRoot = "";
			targets = (
				AAB5431D1F6718B70006D409 /* List of mess */,
			);
		};
/* End PBXProject section */

/* Begin PBXResourcesBuildPhase section */
		AAB5431C1F6718B70006D409 /* Resources */ = {
			isa = PBXResourcesBuildPhase;
			buildActionMask = 2147483647;
			files = (
				AAB5432C1F6718B70006D409 /* LaunchScreen.storyboard in Resources */,
				AAB543291F6718B70006D409 /* Assets.xcassets in Resources */,
				AAB543271F6718B70006D409 /* Main.storyboard in Resources */,
			);
			runOnlyForDeploymentPostprocessing = 0;
		};
/* End PBXResourcesBuildPhase section */

/* Begin PBXSourcesBuildPhase section */
		AAB5431A1F6718B70006D409 /* Sources */ = {
			isa = PBXSourcesBuildPhase;
			buildActionMask = 2147483647;
			files = (
				AAB543341F67210F0006D409 /* TodoList.swift in Sources */,
				AAB543241F6718B70006D409 /* ViewController.swift in Sources */,
				AAB543221F6718B70006D409 /* AppDelegate.swift in Sources */,
			);
			runOnlyForDeploymentPostprocessing = 0;
		};
/* End PBXSourcesBuildPhase section */

/* Begin PBXVariantGroup section */
		AAB543251F6718B70006D409 /* Main.storyboard */ = {
			isa = PBXVariantGroup;
			children = (
				AAB543261F6718B70006D409 /* Base */,
			);
			name = Main.storyboard;
			sourceTree = "<group>";
		};
		AAB5432A1F6718B70006D409 /* LaunchScreen.storyboard */ = {
			isa = PBXVariantGroup;
			children = (
				AAB5432B1F6718B70006D409 /* Base */,
			);
			name = LaunchScreen.storyboard;
			sourceTree = "<group>";
		};
/* End PBXVariantGroup section */

/* Begin XCBuildConfiguration section */
		AAB5432E1F6718B70006D409 /* Debug */ = {
			isa = XCBuildConfiguration;
			buildSettings = {
				ALWAYS_SEARCH_USER_PATHS = NO;
				CLANG_ANALYZER_NONNULL = YES;
				CLANG_ANALYZER_NUMBER_OBJECT_CONVERSION = YES_AGGRESSIVE;
				CLANG_CXX_LANGUAGE_STANDARD = "gnu++0x";
				CLANG_CXX_LIBRARY = "libc++";
				CLANG_ENABLE_MODULES = YES;
				CLANG_ENABLE_OBJC_ARC = YES;
				CLANG_WARN_BOOL_CONVERSION = YES;
				CLANG_WARN_CONSTANT_CONVERSION = YES;
				CLANG_WARN_DIRECT_OBJC_ISA_USAGE = YES_ERROR;
				CLANG_WARN_DOCUMENTATION_COMMENTS = YES;
				CLANG_WARN_EMPTY_BODY = YES;
				CLANG_WARN_ENUM_CONVERSION = YES;
				CLANG_WARN_INFINITE_RECURSION = YES;
				CLANG_WARN_INT_CONVERSION = YES;
				CLANG_WARN_OBJC_ROOT_CLASS = YES_ERROR;
				CLANG_WARN_SUSPICIOUS_MOVE = YES;
				CLANG_WARN_UNREACHABLE_CODE = YES;
				CLANG_WARN__DUPLICATE_METHOD_MATCH = YES;
				"CODE_SIGN_IDENTITY[sdk=iphoneos*]" = "iPhone Developer";
				COPY_PHASE_STRIP = NO;
				DEBUG_INFORMATION_FORMAT = dwarf;
				ENABLE_STRICT_OBJC_MSGSEND = YES;
				ENABLE_TESTABILITY = YES;
				GCC_C_LANGUAGE_STANDARD = gnu99;
				GCC_DYNAMIC_NO_PIC = NO;
				GCC_NO_COMMON_BLOCKS = YES;
				GCC_OPTIMIZATION_LEVEL = 0;
				GCC_PREPROCESSOR_DEFINITIONS = (
					"DEBUG=1",
					"$(inherited)",
				);
				GCC_WARN_64_TO_32_BIT_CONVERSION = YES;
				GCC_WARN_ABOUT_RETURN_TYPE = YES_ERROR;
				GCC_WARN_UNDECLARED_SELECTOR = YES;
				GCC_WARN_UNINITIALIZED_AUTOS = YES_AGGRESSIVE;
				GCC_WARN_UNUSED_FUNCTION = YES;
				GCC_WARN_UNUSED_VARIABLE = YES;
				IPHONEOS_DEPLOYMENT_TARGET = 10.3;
				MTL_ENABLE_DEBUG_INFO = YES;
				ONLY_ACTIVE_ARCH = YES;
				SDKROOT = iphoneos;
				SWIFT_ACTIVE_COMPILATION_CONDITIONS = DEBUG;
				SWIFT_OPTIMIZATION_LEVEL = "-Onone";
			};
			name = Debug;
		};
		AAB5432F1F6718B70006D409 /* Release */ = {
			isa = XCBuildConfiguration;
			buildSettings = {
				ALWAYS_SEARCH_USER_PATHS = NO;
				CLANG_ANALYZER_NONNULL = YES;
				CLANG_ANALYZER_NUMBER_OBJECT_CONVERSION = YES_AGGRESSIVE;
				CLANG_CXX_LANGUAGE_STANDARD = "gnu++0x";
				CLANG_CXX_LIBRARY = "libc++";
				CLANG_ENABLE_MODULES = YES;
				CLANG_ENABLE_OBJC_ARC = YES;
				CLANG_WARN_BOOL_CONVERSION = YES;
				CLANG_WARN_CONSTANT_CONVERSION = YES;
				CLANG_WARN_DIRECT_OBJC_ISA_USAGE = YES_ERROR;
				CLANG_WARN_DOCUMENTATION_COMMENTS = YES;
				CLANG_WARN_EMPTY_BODY = YES;
				CLANG_WARN_ENUM_CONVERSION = YES;
				CLANG_WARN_INFINITE_RECURSION = YES;
				CLANG_WARN_INT_CONVERSION = YES;
				CLANG_WARN_OBJC_ROOT_CLASS = YES_ERROR;
				CLANG_WARN_SUSPICIOUS_MOVE = YES;
				CLANG_WARN_UNREACHABLE_CODE = YES;
				CLANG_WARN__DUPLICATE_METHOD_MATCH = YES;
				"CODE_SIGN_IDENTITY[sdk=iphoneos*]" = "iPhone Developer";
				COPY_PHASE_STRIP = NO;
				DEBUG_INFORMATION_FORMAT = "dwarf-with-dsym";
				ENABLE_NS_ASSERTIONS = NO;
				ENABLE_STRICT_OBJC_MSGSEND = YES;
				GCC_C_LANGUAGE_STANDARD = gnu99;
				GCC_NO_COMMON_BLOCKS = YES;
				GCC_WARN_64_TO_32_BIT_CONVERSION = YES;
				GCC_WARN_ABOUT_RETURN_TYPE = YES_ERROR;
				GCC_WARN_UNDECLARED_SELECTOR = YES;
				GCC_WARN_UNINITIALIZED_AUTOS = YES_AGGRESSIVE;
				GCC_WARN_UNUSED_FUNCTION = YES;
				GCC_WARN_UNUSED_VARIABLE = YES;
				IPHONEOS_DEPLOYMENT_TARGET = 10.3;
				MTL_ENABLE_DEBUG_INFO = NO;
				SDKROOT = iphoneos;
				SWIFT_OPTIMIZATION_LEVEL = "-Owholemodule";
				VALIDATE_PRODUCT = YES;
			};
			name = Release;
		};
		AAB543311F6718B70006D409 /* Debug */ = {
			isa = XCBuildConfiguration;
			buildSettings = {
				ASSETCATALOG_COMPILER_APPICON_NAME = AppIcon;
				DEVELOPMENT_TEAM = K9NVUGDZBA;
				INFOPLIST_FILE = "List of mess/Info.plist";
				LD_RUNPATH_SEARCH_PATHS = "$(inherited) @executable_path/Frameworks";
				PRODUCT_BUNDLE_IDENTIFIER = "Sewerynop.List-of-mess";
				PRODUCT_NAME = "$(TARGET_NAME)";
				SWIFT_VERSION = 3.0;
			};
			name = Debug;
		};
		AAB543321F6718B70006D409 /* Release */ = {
			isa = XCBuildConfiguration;
			buildSettings = {
				ASSETCATALOG_COMPILER_APPICON_NAME = AppIcon;
				DEVELOPMENT_TEAM = K9NVUGDZBA;
				INFOPLIST_FILE = "List of mess/Info.plist";
				LD_RUNPATH_SEARCH_PATHS = "$(inherited) @executable_path/Frameworks";
				PRODUCT_BUNDLE_IDENTIFIER = "Sewerynop.List-of-mess";
				PRODUCT_NAME = "$(TARGET_NAME)";
				SWIFT_VERSION = 3.0;
			};
			name = Release;
		};
/* End XCBuildConfiguration section */

/* Begin XCConfigurationList section */
		AAB543191F6718B70006D409 /* Build configuration list for PBXProject "List of mess" */ = {
			isa = XCConfigurationList;
			buildConfigurations = (
				AAB5432E1F6718B70006D409 /* Debug */,
				AAB5432F1F6718B70006D409 /* Release */,
			);
			defaultConfigurationIsVisible = 0;
			defaultConfigurationName = Release;
		};
		AAB543301F6718B70006D409 /* Build configuration list for PBXNativeTarget "List of mess" */ = {
			isa = XCConfigurationList;
			buildConfigurations = (
				AAB543311F6718B70006D409 /* Debug */,
				AAB543321F6718B70006D409 /* Release */,
			);
			defaultConfigurationIsVisible = 0;
		};
/* End XCConfigurationList section */
	};
	rootObject = AAB543161F6718B70006D409 /* Project object */;
}
